
Microsoft Visual Studio Solution File, Format Version 12.00
# Visual Studio Version 16
VisualStudioVersion = 16.0.33801.447
MinimumVisualStudioVersion = 10.0.40219.1
Project("{FAE04EC0-301F-11D3-BF4B-00C04F79EFBC}") = "assignment_6", "assignment_6.csproj", "{0820C815-C548-4199-9DE8-D46FC1A72868}"
EndProject
Global
	GlobalSection(SolutionConfigurationPlatforms) = preSolution
		Debug|Any CPU = Debug|Any CPU
		Release|Any CPU = Release|Any CPU
	EndGlobalSection
	GlobalSection(ProjectConfigurationPlatforms) = postSolution
		{0820C815-C548-4199-9DE8-D46FC1A72868}.Debug|Any CPU.ActiveCfg = Debug|Any CPU
		{0820C815-C548-4199-9DE8-D46FC1A72868}.Debug|Any CPU.Build.0 = Debug|Any CPU
		{0820C815-C548-4199-9DE8-D46FC1A72868}.Release|Any CPU.ActiveCfg = Release|Any CPU
		{0820C815-C548-4199-9DE8-D46FC1A72868}.Release|Any CPU.Build.0 = Release|Any CPU
	EndGlobalSection
	GlobalSection(SolutionProperties) = preSolution
		HideSolutionNode = FALSE
	EndGlobalSection
	GlobalSection(ExtensibilityGlobals) = postSolution
		SolutionGuid = {4AA24E48-147A-414B-BCED-D75E8B9BAC0B}
	EndGlobalSection
EndGlobal
